
Microsoft Visual Studio Solution File, Format Version 12.00
Project("{FAE04EC0-301F-11D3-BF4B-00C04F79EFBC}") = "mgr", "mgr\mgr.csproj", "{F628A6FC-67CA-4159-91FD-34BA8A990107}"
EndProject
Global
	GlobalSection(SolutionConfigurationPlatforms) = preSolution
		Debug|Any CPU = Debug|Any CPU
		Release|Any CPU = Release|Any CPU
	EndGlobalSection
	GlobalSection(ProjectConfigurationPlatforms) = postSolution
		{F628A6FC-67CA-4159-91FD-34BA8A990107}.Debug|Any CPU.ActiveCfg = Debug|Any CPU
		{F628A6FC-67CA-4159-91FD-34BA8A990107}.Debug|Any CPU.Build.0 = Debug|Any CPU
		{F628A6FC-67CA-4159-91FD-34BA8A990107}.Release|Any CPU.ActiveCfg = Release|Any CPU
		{F628A6FC-67CA-4159-91FD-34BA8A990107}.Release|Any CPU.Build.0 = Release|Any CPU
	EndGlobalSection
EndGlobal
